
Microsoft Visual Studio Solution File, Format Version 12.00
# Visual Studio 15
VisualStudioVersion = 15.0.28307.168
MinimumVisualStudioVersion = 10.0.40219.1
Project("{FAE04EC0-301F-11D3-BF4B-00C04F79EFBC}") = "Third", "Third\Third.csproj", "{AF2C5B78-61F9-4682-990B-D9D0424C5C06}"
EndProject
Global
	GlobalSection(SolutionConfigurationPlatforms) = preSolution
		Debug|Any CPU = Debug|Any CPU
		Release|Any CPU = Release|Any CPU
	EndGlobalSection
	GlobalSection(ProjectConfigurationPlatforms) = postSolution
		{AF2C5B78-61F9-4682-990B-D9D0424C5C06}.Debug|Any CPU.ActiveCfg = Debug|Any CPU
		{AF2C5B78-61F9-4682-990B-D9D0424C5C06}.Debug|Any CPU.Build.0 = Debug|Any CPU
		{AF2C5B78-61F9-4682-990B-D9D0424C5C06}.Release|Any CPU.ActiveCfg = Release|Any CPU
		{AF2C5B78-61F9-4682-990B-D9D0424C5C06}.Release|Any CPU.Build.0 = Release|Any CPU
	EndGlobalSection
	GlobalSection(SolutionProperties) = preSolution
		HideSolutionNode = FALSE
	EndGlobalSection
	GlobalSection(ExtensibilityGlobals) = postSolution
		SolutionGuid = {2088AC14-5F1D-49F7-803E-2C6E1FBC3D65}
	EndGlobalSection
EndGlobal
